
Microsoft Visual Studio Solution File, Format Version 12.00
# Visual Studio 15
VisualStudioVersion = 15.0.28307.106
MinimumVisualStudioVersion = 10.0.40219.1
Project("{FAE04EC0-301F-11D3-BF4B-00C04F79EFBC}") = "Simple CMD", "Simple CMD\Simple CMD.csproj", "{C0201455-6531-494E-8E27-B03C6A084F5C}"
EndProject
Project("{FAE04EC0-301F-11D3-BF4B-00C04F79EFBC}") = "Simple CMD.Tests", "Simple CMD.Tests\Simple CMD.Tests.csproj", "{9292A2E5-C744-442B-B7F6-2205DDA8A441}"
EndProject
Global
	GlobalSection(SolutionConfigurationPlatforms) = preSolution
		Debug|Any CPU = Debug|Any CPU
		Release|Any CPU = Release|Any CPU
	EndGlobalSection
	GlobalSection(ProjectConfigurationPlatforms) = postSolution
		{C0201455-6531-494E-8E27-B03C6A084F5C}.Debug|Any CPU.ActiveCfg = Debug|Any CPU
		{C0201455-6531-494E-8E27-B03C6A084F5C}.Debug|Any CPU.Build.0 = Debug|Any CPU
		{C0201455-6531-494E-8E27-B03C6A084F5C}.Release|Any CPU.ActiveCfg = Release|Any CPU
		{C0201455-6531-494E-8E27-B03C6A084F5C}.Release|Any CPU.Build.0 = Release|Any CPU
		{9292A2E5-C744-442B-B7F6-2205DDA8A441}.Debug|Any CPU.ActiveCfg = Debug|Any CPU
		{9292A2E5-C744-442B-B7F6-2205DDA8A441}.Debug|Any CPU.Build.0 = Debug|Any CPU
		{9292A2E5-C744-442B-B7F6-2205DDA8A441}.Release|Any CPU.ActiveCfg = Release|Any CPU
		{9292A2E5-C744-442B-B7F6-2205DDA8A441}.Release|Any CPU.Build.0 = Release|Any CPU
	EndGlobalSection
	GlobalSection(SolutionProperties) = preSolution
		HideSolutionNode = FALSE
	EndGlobalSection
	GlobalSection(ExtensibilityGlobals) = postSolution
		SolutionGuid = {64E772CD-AA66-457A-931F-8AD01665C8D1}
	EndGlobalSection
EndGlobal
